
Microsoft Visual Studio Solution File, Format Version 12.00
# Visual Studio Version 17
VisualStudioVersion = 17.3.32825.248
MinimumVisualStudioVersion = 10.0.40219.1
Project("{9A19103F-16F7-4668-BE54-9A1E7A4F7556}") = "Zork", "Zork\Zork.csproj", "{BE85DF75-1DF3-4BD0-A760-1E730854BD8D}"
EndProject
Global
	GlobalSection(SolutionConfigurationPlatforms) = preSolution
		Debug|Any CPU = Debug|Any CPU
		Release|Any CPU = Release|Any CPU
	EndGlobalSection
	GlobalSection(ProjectConfigurationPlatforms) = postSolution
		{BE85DF75-1DF3-4BD0-A760-1E730854BD8D}.Debug|Any CPU.ActiveCfg = Debug|Any CPU
		{BE85DF75-1DF3-4BD0-A760-1E730854BD8D}.Debug|Any CPU.Build.0 = Debug|Any CPU
		{BE85DF75-1DF3-4BD0-A760-1E730854BD8D}.Release|Any CPU.ActiveCfg = Release|Any CPU
		{BE85DF75-1DF3-4BD0-A760-1E730854BD8D}.Release|Any CPU.Build.0 = Release|Any CPU
	EndGlobalSection
	GlobalSection(SolutionProperties) = preSolution
		HideSolutionNode = FALSE
	EndGlobalSection
	GlobalSection(ExtensibilityGlobals) = postSolution
		SolutionGuid = {ACCF2A08-1F60-4D28-A36D-C6CDC3477AED}
	EndGlobalSection
EndGlobal
